
Microsoft Visual Studio Solution File, Format Version 12.00
# Visual Studio Version 16
VisualStudioVersion = 16.0.31129.286
MinimumVisualStudioVersion = 10.0.40219.1
Project("{FAE04EC0-301F-11D3-BF4B-00C04F79EFBC}") = "FinalProject", "FinalProject\FinalProject.csproj", "{5CE3ECAD-0B3B-4B5F-A3D6-B7B560E435FE}"
EndProject
Global
	GlobalSection(SolutionConfigurationPlatforms) = preSolution
		Debug|Any CPU = Debug|Any CPU
		Release|Any CPU = Release|Any CPU
	EndGlobalSection
	GlobalSection(ProjectConfigurationPlatforms) = postSolution
		{5CE3ECAD-0B3B-4B5F-A3D6-B7B560E435FE}.Debug|Any CPU.ActiveCfg = Debug|Any CPU
		{5CE3ECAD-0B3B-4B5F-A3D6-B7B560E435FE}.Debug|Any CPU.Build.0 = Debug|Any CPU
		{5CE3ECAD-0B3B-4B5F-A3D6-B7B560E435FE}.Release|Any CPU.ActiveCfg = Release|Any CPU
		{5CE3ECAD-0B3B-4B5F-A3D6-B7B560E435FE}.Release|Any CPU.Build.0 = Release|Any CPU
	EndGlobalSection
	GlobalSection(SolutionProperties) = preSolution
		HideSolutionNode = FALSE
	EndGlobalSection
	GlobalSection(ExtensibilityGlobals) = postSolution
		SolutionGuid = {4FABB257-CEA0-48AD-B1B5-711806E44FB4}
	EndGlobalSection
EndGlobal
